
Microsoft Visual Studio Solution File, Format Version 12.00
# Visual Studio Version 16
VisualStudioVersion = 16.0.30128.74
MinimumVisualStudioVersion = 10.0.40219.1
Project("{FAE04EC0-301F-11D3-BF4B-00C04F79EFBC}") = "SwapIt", "SwapIt.csproj", "{782EA7E7-2240-4258-89AA-86B9F6D76D4E}"
EndProject
Global
	GlobalSection(SolutionConfigurationPlatforms) = preSolution
		Debug|Any CPU = Debug|Any CPU
		Release|Any CPU = Release|Any CPU
	EndGlobalSection
	GlobalSection(ProjectConfigurationPlatforms) = postSolution
		{782EA7E7-2240-4258-89AA-86B9F6D76D4E}.Debug|Any CPU.ActiveCfg = Debug|Any CPU
		{782EA7E7-2240-4258-89AA-86B9F6D76D4E}.Debug|Any CPU.Build.0 = Debug|Any CPU
		{782EA7E7-2240-4258-89AA-86B9F6D76D4E}.Release|Any CPU.ActiveCfg = Release|Any CPU
		{782EA7E7-2240-4258-89AA-86B9F6D76D4E}.Release|Any CPU.Build.0 = Release|Any CPU
	EndGlobalSection
	GlobalSection(SolutionProperties) = preSolution
		HideSolutionNode = FALSE
	EndGlobalSection
	GlobalSection(ExtensibilityGlobals) = postSolution
		SolutionGuid = {519F5E51-08FB-45EB-8E6A-1D0473D08561}
	EndGlobalSection
EndGlobal
